
Microsoft Visual Studio Solution File, Format Version 12.00
# Visual Studio 2012
Project("{FAE04EC0-301F-11D3-BF4B-00C04F79EFBC}") = "MiCalc", "MiCalc\MiCalc.csproj", "{C9C03D38-B5F1-45DA-9B27-9038D2D794E3}"
EndProject
Project("{FAE04EC0-301F-11D3-BF4B-00C04F79EFBC}") = "MiCalc.Tests", "MiCalc.Tests\MiCalc.Tests.csproj", "{F29BFFFE-97C6-433B-8B7B-B45BCDA3FDF4}"
EndProject
Global
	GlobalSection(SolutionConfigurationPlatforms) = preSolution
		Debug|Any CPU = Debug|Any CPU
		Release|Any CPU = Release|Any CPU
	EndGlobalSection
	GlobalSection(ProjectConfigurationPlatforms) = postSolution
		{C9C03D38-B5F1-45DA-9B27-9038D2D794E3}.Debug|Any CPU.ActiveCfg = Debug|Any CPU
		{C9C03D38-B5F1-45DA-9B27-9038D2D794E3}.Debug|Any CPU.Build.0 = Debug|Any CPU
		{C9C03D38-B5F1-45DA-9B27-9038D2D794E3}.Release|Any CPU.ActiveCfg = Release|Any CPU
		{C9C03D38-B5F1-45DA-9B27-9038D2D794E3}.Release|Any CPU.Build.0 = Release|Any CPU
		{F29BFFFE-97C6-433B-8B7B-B45BCDA3FDF4}.Debug|Any CPU.ActiveCfg = Debug|Any CPU
		{F29BFFFE-97C6-433B-8B7B-B45BCDA3FDF4}.Debug|Any CPU.Build.0 = Debug|Any CPU
		{F29BFFFE-97C6-433B-8B7B-B45BCDA3FDF4}.Release|Any CPU.ActiveCfg = Release|Any CPU
		{F29BFFFE-97C6-433B-8B7B-B45BCDA3FDF4}.Release|Any CPU.Build.0 = Release|Any CPU
	EndGlobalSection
	GlobalSection(SolutionProperties) = preSolution
		HideSolutionNode = FALSE
	EndGlobalSection
EndGlobal
